
Microsoft Visual Studio Solution File, Format Version 12.00
# Visual Studio Version 17
VisualStudioVersion = 17.13.35828.75
MinimumVisualStudioVersion = 10.0.40219.1
Project("{FAE04EC0-301F-11D3-BF4B-00C04F79EFBC}") = "App.Api", "TaskFullStack\App.Api.csproj", "{484D4DBF-673F-4F13-903F-8551A91FD698}"
EndProject
Project("{FAE04EC0-301F-11D3-BF4B-00C04F79EFBC}") = "App.Core", "App.Core\App.Core.csproj", "{04F9CE32-68D1-4AC0-9549-BB00863C67CA}"
EndProject
Project("{FAE04EC0-301F-11D3-BF4B-00C04F79EFBC}") = "App.Domain", "App.Domian\App.Domain.csproj", "{08C9C898-D52F-4E59-8071-BD31F856AA3D}"
EndProject
Project("{FAE04EC0-301F-11D3-BF4B-00C04F79EFBC}") = "App.Infrastructure", "App.Infrastructure\App.Infrastructure.csproj", "{EDB978E2-B694-4799-A0DF-D8DEF57B917B}"
EndProject
Project("{FAE04EC0-301F-11D3-BF4B-00C04F79EFBC}") = "App.Service", "App.Service\App.Service.csproj", "{C3D6A307-7095-48C4-A2AC-B77CEE7F4EFC}"
EndProject
Global
	GlobalSection(SolutionConfigurationPlatforms) = preSolution
		Debug|Any CPU = Debug|Any CPU
		Release|Any CPU = Release|Any CPU
	EndGlobalSection
	GlobalSection(ProjectConfigurationPlatforms) = postSolution
		{484D4DBF-673F-4F13-903F-8551A91FD698}.Debug|Any CPU.ActiveCfg = Debug|Any CPU
		{484D4DBF-673F-4F13-903F-8551A91FD698}.Debug|Any CPU.Build.0 = Debug|Any CPU
		{484D4DBF-673F-4F13-903F-8551A91FD698}.Release|Any CPU.ActiveCfg = Release|Any CPU
		{484D4DBF-673F-4F13-903F-8551A91FD698}.Release|Any CPU.Build.0 = Release|Any CPU
		{04F9CE32-68D1-4AC0-9549-BB00863C67CA}.Debug|Any CPU.ActiveCfg = Debug|Any CPU
		{04F9CE32-68D1-4AC0-9549-BB00863C67CA}.Debug|Any CPU.Build.0 = Debug|Any CPU
		{04F9CE32-68D1-4AC0-9549-BB00863C67CA}.Release|Any CPU.ActiveCfg = Release|Any CPU
		{04F9CE32-68D1-4AC0-9549-BB00863C67CA}.Release|Any CPU.Build.0 = Release|Any CPU
		{08C9C898-D52F-4E59-8071-BD31F856AA3D}.Debug|Any CPU.ActiveCfg = Debug|Any CPU
		{08C9C898-D52F-4E59-8071-BD31F856AA3D}.Debug|Any CPU.Build.0 = Debug|Any CPU
		{08C9C898-D52F-4E59-8071-BD31F856AA3D}.Release|Any CPU.ActiveCfg = Release|Any CPU
		{08C9C898-D52F-4E59-8071-BD31F856AA3D}.Release|Any CPU.Build.0 = Release|Any CPU
		{EDB978E2-B694-4799-A0DF-D8DEF57B917B}.Debug|Any CPU.ActiveCfg = Debug|Any CPU
		{EDB978E2-B694-4799-A0DF-D8DEF57B917B}.Debug|Any CPU.Build.0 = Debug|Any CPU
		{EDB978E2-B694-4799-A0DF-D8DEF57B917B}.Release|Any CPU.ActiveCfg = Release|Any CPU
		{EDB978E2-B694-4799-A0DF-D8DEF57B917B}.Release|Any CPU.Build.0 = Release|Any CPU
		{C3D6A307-7095-48C4-A2AC-B77CEE7F4EFC}.Debug|Any CPU.ActiveCfg = Debug|Any CPU
		{C3D6A307-7095-48C4-A2AC-B77CEE7F4EFC}.Debug|Any CPU.Build.0 = Debug|Any CPU
		{C3D6A307-7095-48C4-A2AC-B77CEE7F4EFC}.Release|Any CPU.ActiveCfg = Release|Any CPU
		{C3D6A307-7095-48C4-A2AC-B77CEE7F4EFC}.Release|Any CPU.Build.0 = Release|Any CPU
	EndGlobalSection
	GlobalSection(SolutionProperties) = preSolution
		HideSolutionNode = FALSE
	EndGlobalSection
	GlobalSection(ExtensibilityGlobals) = postSolution
		SolutionGuid = {4109E813-4FDE-4E52-94D2-A4B14FE22EC1}
	EndGlobalSection
EndGlobal
